
Microsoft Visual Studio Solution File, Format Version 12.00
# Visual Studio Version 17
VisualStudioVersion = 17.0.32002.185
MinimumVisualStudioVersion = 10.0.40219.1
Project("{FAE04EC0-301F-11D3-BF4B-00C04F79EFBC}") = "HomeWork6", "HomeWork6\HomeWork6.csproj", "{064F9611-371F-4237-B836-538C855BFCB2}"
EndProject
Global
	GlobalSection(SolutionConfigurationPlatforms) = preSolution
		Debug|Any CPU = Debug|Any CPU
		Release|Any CPU = Release|Any CPU
	EndGlobalSection
	GlobalSection(ProjectConfigurationPlatforms) = postSolution
		{064F9611-371F-4237-B836-538C855BFCB2}.Debug|Any CPU.ActiveCfg = Debug|Any CPU
		{064F9611-371F-4237-B836-538C855BFCB2}.Debug|Any CPU.Build.0 = Debug|Any CPU
		{064F9611-371F-4237-B836-538C855BFCB2}.Release|Any CPU.ActiveCfg = Release|Any CPU
		{064F9611-371F-4237-B836-538C855BFCB2}.Release|Any CPU.Build.0 = Release|Any CPU
	EndGlobalSection
	GlobalSection(SolutionProperties) = preSolution
		HideSolutionNode = FALSE
	EndGlobalSection
	GlobalSection(ExtensibilityGlobals) = postSolution
		SolutionGuid = {6C3A8CF4-8DDC-49E9-9297-CBA249666F98}
	EndGlobalSection
EndGlobal
